
Microsoft Visual Studio Solution File, Format Version 12.00
# Visual Studio 15
VisualStudioVersion = 15.0.27428.2027
MinimumVisualStudioVersion = 10.0.40219.1
Project("{FAE04EC0-301F-11D3-BF4B-00C04F79EFBC}") = "BlackJackAPI", "BlackJackAPI\BlackJackAPI.csproj", "{31D94BCD-9558-4BB6-87BC-13860B4ABF5A}"
EndProject
Project("{FAE04EC0-301F-11D3-BF4B-00C04F79EFBC}") = "BlackJackModel", "BlackJackModel\BlackJackModel.csproj", "{68374994-EDAC-4CDA-A035-2E2F32282C2B}"
EndProject
Project("{FAE04EC0-301F-11D3-BF4B-00C04F79EFBC}") = "BlackJackAPITest", "BlackJackAPITest\BlackJackAPITest.csproj", "{FC64F7EB-ECDE-455C-B5E9-DFF19C4F446C}"
EndProject
Global
	GlobalSection(SolutionConfigurationPlatforms) = preSolution
		Debug|Any CPU = Debug|Any CPU
		Release|Any CPU = Release|Any CPU
	EndGlobalSection
	GlobalSection(ProjectConfigurationPlatforms) = postSolution
		{31D94BCD-9558-4BB6-87BC-13860B4ABF5A}.Debug|Any CPU.ActiveCfg = Debug|Any CPU
		{31D94BCD-9558-4BB6-87BC-13860B4ABF5A}.Debug|Any CPU.Build.0 = Debug|Any CPU
		{31D94BCD-9558-4BB6-87BC-13860B4ABF5A}.Release|Any CPU.ActiveCfg = Release|Any CPU
		{31D94BCD-9558-4BB6-87BC-13860B4ABF5A}.Release|Any CPU.Build.0 = Release|Any CPU
		{68374994-EDAC-4CDA-A035-2E2F32282C2B}.Debug|Any CPU.ActiveCfg = Debug|Any CPU
		{68374994-EDAC-4CDA-A035-2E2F32282C2B}.Debug|Any CPU.Build.0 = Debug|Any CPU
		{68374994-EDAC-4CDA-A035-2E2F32282C2B}.Release|Any CPU.ActiveCfg = Release|Any CPU
		{68374994-EDAC-4CDA-A035-2E2F32282C2B}.Release|Any CPU.Build.0 = Release|Any CPU
		{FC64F7EB-ECDE-455C-B5E9-DFF19C4F446C}.Debug|Any CPU.ActiveCfg = Debug|Any CPU
		{FC64F7EB-ECDE-455C-B5E9-DFF19C4F446C}.Debug|Any CPU.Build.0 = Debug|Any CPU
		{FC64F7EB-ECDE-455C-B5E9-DFF19C4F446C}.Release|Any CPU.ActiveCfg = Release|Any CPU
		{FC64F7EB-ECDE-455C-B5E9-DFF19C4F446C}.Release|Any CPU.Build.0 = Release|Any CPU
	EndGlobalSection
	GlobalSection(SolutionProperties) = preSolution
		HideSolutionNode = FALSE
	EndGlobalSection
	GlobalSection(ExtensibilityGlobals) = postSolution
		SolutionGuid = {CF343CD0-9663-41F0-8D2E-6CF42326C6E6}
	EndGlobalSection
EndGlobal
